// !$*UTF8*$!
{
	archiveVersion = 1;
	classes = {
	};
	objectVersion = 46;
	objects = {

/* Begin PBXBuildFile section */
		B90BCD901BD5F16D00121415 /* PublishDelicacyData.m in Sources */ = {isa = PBXBuildFile; fileRef = B90BCD8E1BD5F16D00121415 /* PublishDelicacyData.m */; };
		B90BCD951BD5F1AA00121415 /* PublishMovieData.m in Sources */ = {isa = PBXBuildFile; fileRef = B90BCD931BD5F1AA00121415 /* PublishMovieData.m */; };
		B912B86C1BD5D07600EFDEC5 /* main.m in Sources */ = {isa = PBXBuildFile; fileRef = B912B86B1BD5D07600EFDEC5 /* main.m */; };
		B912B8751BD5D07600EFDEC5 /* Main.storyboard in Resources */ = {isa = PBXBuildFile; fileRef = B912B8731BD5D07600EFDEC5 /* Main.storyboard */; };
		B912B8771BD5D07600EFDEC5 /* Images.xcassets in Resources */ = {isa = PBXBuildFile; fileRef = B912B8761BD5D07600EFDEC5 /* Images.xcassets */; };
		B912B87A1BD5D07600EFDEC5 /* LaunchScreen.xib in Resources */ = {isa = PBXBuildFile; fileRef = B912B8781BD5D07600EFDEC5 /* LaunchScreen.xib */; };
		B912B8861BD5D07600EFDEC5 /* SLPriceTests.m in Sources */ = {isa = PBXBuildFile; fileRef = B912B8851BD5D07600EFDEC5 /* SLPriceTests.m */; };
		B912B8E81BD5D09000EFDEC5 /* DelicacyController.m in Sources */ = {isa = PBXBuildFile; fileRef = B912B8931BD5D09000EFDEC5 /* DelicacyController.m */; };
		B912B8E91BD5D09000EFDEC5 /* DiscoverController.m in Sources */ = {isa = PBXBuildFile; fileRef = B912B8991BD5D09000EFDEC5 /* DiscoverController.m */; };
		B912B8EA1BD5D09000EFDEC5 /* RootViewController.m in Sources */ = {isa = PBXBuildFile; fileRef = B912B8A01BD5D09000EFDEC5 /* RootViewController.m */; };
		B912B8EB1BD5D09000EFDEC5 /* VWWWaterView.m in Sources */ = {isa = PBXBuildFile; fileRef = B912B8A31BD5D09000EFDEC5 /* VWWWaterView.m */; };
		B912B8EC1BD5D09000EFDEC5 /* ZHPickView.m in Sources */ = {isa = PBXBuildFile; fileRef = B912B8A51BD5D09000EFDEC5 /* ZHPickView.m */; };
		B912B8ED1BD5D09000EFDEC5 /* AppDelegate.m in Sources */ = {isa = PBXBuildFile; fileRef = B912B8A91BD5D09000EFDEC5 /* AppDelegate.m */; };
		B912B8EF1BD5D09000EFDEC5 /* MovieViewController.m in Sources */ = {isa = PBXBuildFile; fileRef = B912B8AF1BD5D09000EFDEC5 /* MovieViewController.m */; };
		B912B8F01BD5D09000EFDEC5 /* PublishDelicacyController.m in Sources */ = {isa = PBXBuildFile; fileRef = B912B8B61BD5D09000EFDEC5 /* PublishDelicacyController.m */; };
		B912B8F11BD5D09000EFDEC5 /* PublishController.m in Sources */ = {isa = PBXBuildFile; fileRef = B912B8BA1BD5D09000EFDEC5 /* PublishController.m */; };
		B912B8F21BD5D09000EFDEC5 /* PublishMovieController.m in Sources */ = {isa = PBXBuildFile; fileRef = B912B8BE1BD5D09000EFDEC5 /* PublishMovieController.m */; };
		B912B8F51BD5D09000EFDEC5 /* PublishTravelController.m in Sources */ = {isa = PBXBuildFile; fileRef = B912B8C71BD5D09000EFDEC5 /* PublishTravelController.m */; };
		B912B8F61BD5D09000EFDEC5 /* PublishTravelData.m in Sources */ = {isa = PBXBuildFile; fileRef = B912B8CA1BD5D09000EFDEC5 /* PublishTravelData.m */; };
		B912B8F71BD5D09000EFDEC5 /* TravelViewController.m in Sources */ = {isa = PBXBuildFile; fileRef = B912B8CE1BD5D09000EFDEC5 /* TravelViewController.m */; };
		B912B8F81BD5D09000EFDEC5 /* LoginController.m in Sources */ = {isa = PBXBuildFile; fileRef = B912B8D51BD5D09000EFDEC5 /* LoginController.m */; };
		B912B8F91BD5D09000EFDEC5 /* LoginModel.m in Sources */ = {isa = PBXBuildFile; fileRef = B912B8D81BD5D09000EFDEC5 /* LoginModel.m */; };
		B912B8FA1BD5D09000EFDEC5 /* UserViewController.m in Sources */ = {isa = PBXBuildFile; fileRef = B912B8DD1BD5D09000EFDEC5 /* UserViewController.m */; };
		B912B8FB1BD5D09000EFDEC5 /* RegisterController.m in Sources */ = {isa = PBXBuildFile; fileRef = B912B8E31BD5D09000EFDEC5 /* RegisterController.m */; };
		B912B8FC1BD5D09000EFDEC5 /* RegisterModel.m in Sources */ = {isa = PBXBuildFile; fileRef = B912B8E61BD5D09000EFDEC5 /* RegisterModel.m */; };
		B912B9021BD5D0A700EFDEC5 /* gwl.jpg in Resources */ = {isa = PBXBuildFile; fileRef = B912B8FF1BD5D0A700EFDEC5 /* gwl.jpg */; };
		B912B9041BD5D10500EFDEC5 /* BmobSDK.framework in Frameworks */ = {isa = PBXBuildFile; fileRef = B912B9031BD5D10500EFDEC5 /* BmobSDK.framework */; };
		B912B9061BD5D1BB00EFDEC5 /* CoreLocation.framework in Frameworks */ = {isa = PBXBuildFile; fileRef = B912B9051BD5D1BB00EFDEC5 /* CoreLocation.framework */; };
		B912B9081BD5D1C400EFDEC5 /* Security.framework in Frameworks */ = {isa = PBXBuildFile; fileRef = B912B9071BD5D1C400EFDEC5 /* Security.framework */; };
		B912B90A1BD5D1D500EFDEC5 /* CoreGraphics.framework in Frameworks */ = {isa = PBXBuildFile; fileRef = B912B9091BD5D1D500EFDEC5 /* CoreGraphics.framework */; };
		B912B90C1BD5D1DE00EFDEC5 /* MobileCoreServices.framework in Frameworks */ = {isa = PBXBuildFile; fileRef = B912B90B1BD5D1DE00EFDEC5 /* MobileCoreServices.framework */; };
		B912B90E1BD5D1E900EFDEC5 /* CFNetwork.framework in Frameworks */ = {isa = PBXBuildFile; fileRef = B912B90D1BD5D1E900EFDEC5 /* CFNetwork.framework */; };
		B912B9101BD5D1F200EFDEC5 /* CoreTelephony.framework in Frameworks */ = {isa = PBXBuildFile; fileRef = B912B90F1BD5D1F200EFDEC5 /* CoreTelephony.framework */; };
		B912B9121BD5D1FB00EFDEC5 /* SystemConfiguration.framework in Frameworks */ = {isa = PBXBuildFile; fileRef = B912B9111BD5D1FB00EFDEC5 /* SystemConfiguration.framework */; };
		B912B9141BD5D20200EFDEC5 /* libz.1.2.5.dylib in Frameworks */ = {isa = PBXBuildFile; fileRef = B912B9131BD5D20200EFDEC5 /* libz.1.2.5.dylib */; };
		B912B9161BD5D20C00EFDEC5 /* libicucore.dylib in Frameworks */ = {isa = PBXBuildFile; fileRef = B912B9151BD5D20C00EFDEC5 /* libicucore.dylib */; };
		B912B9181BD5D21900EFDEC5 /* libsqlite3.dylib in Frameworks */ = {isa = PBXBuildFile; fileRef = B912B9171BD5D21900EFDEC5 /* libsqlite3.dylib */; };
		B912B91A1BD5D22000EFDEC5 /* AVFoundation.framework in Frameworks */ = {isa = PBXBuildFile; fileRef = B912B9191BD5D22000EFDEC5 /* AVFoundation.framework */; };
		B912B91C1BD5D22A00EFDEC5 /* MediaPlayer.framework in Frameworks */ = {isa = PBXBuildFile; fileRef = B912B91B1BD5D22A00EFDEC5 /* MediaPlayer.framework */; };
/* End PBXBuildFile section */

/* Begin PBXContainerItemProxy section */
		B912B8801BD5D07600EFDEC5 /* PBXContainerItemProxy */ = {
			isa = PBXContainerItemProxy;
			containerPortal = B912B85E1BD5D07600EFDEC5 /* Project object */;
			proxyType = 1;
			remoteGlobalIDString = B912B8651BD5D07600EFDEC5;
			remoteInfo = SLPrice;
		};
/* End PBXContainerItemProxy section */

/* Begin PBXFileReference section */
		B90BCD8D1BD5F16D00121415 /* PublishDelicacyData.h */ = {isa = PBXFileReference; fileEncoding = 4; lastKnownFileType = sourcecode.c.h; path = PublishDelicacyData.h; sourceTree = "<group>"; };
		B90BCD8E1BD5F16D00121415 /* PublishDelicacyData.m */ = {isa = PBXFileReference; fileEncoding = 4; lastKnownFileType = sourcecode.c.objc; path = PublishDelicacyData.m; sourceTree = "<group>"; };
		B90BCD921BD5F1AA00121415 /* PublishMovieData.h */ = {isa = PBXFileReference; fileEncoding = 4; lastKnownFileType = sourcecode.c.h; path = PublishMovieData.h; sourceTree = "<group>"; };
		B90BCD931BD5F1AA00121415 /* PublishMovieData.m */ = {isa = PBXFileReference; fileEncoding = 4; lastKnownFileType = sourcecode.c.objc; path = PublishMovieData.m; sourceTree = "<group>"; };
		B912B8661BD5D07600EFDEC5 /* SLPrice.app */ = {isa = PBXFileReference; explicitFileType = wrapper.application; includeInIndex = 0; path = SLPrice.app; sourceTree = BUILT_PRODUCTS_DIR; };
		B912B86A1BD5D07600EFDEC5 /* Info.plist */ = {isa = PBXFileReference; lastKnownFileType = text.plist.xml; path = Info.plist; sourceTree = "<group>"; };
		B912B86B1BD5D07600EFDEC5 /* main.m */ = {isa = PBXFileReference; lastKnownFileType = sourcecode.c.objc; path = main.m; sourceTree = "<group>"; };
		B912B8741BD5D07600EFDEC5 /* Base */ = {isa = PBXFileReference; lastKnownFileType = file.storyboard; name = Base; path = Base.lproj/Main.storyboard; sourceTree = "<group>"; };
		B912B8761BD5D07600EFDEC5 /* Images.xcassets */ = {isa = PBXFileReference; lastKnownFileType = folder.assetcatalog; path = Images.xcassets; sourceTree = "<group>"; };
		B912B8791BD5D07600EFDEC5 /* Base */ = {isa = PBXFileReference; lastKnownFileType = file.xib; name = Base; path = Base.lproj/LaunchScreen.xib; sourceTree = "<group>"; };
		B912B87F1BD5D07600EFDEC5 /* SLPriceTests.xctest */ = {isa = PBXFileReference; explicitFileType = wrapper.cfbundle; includeInIndex = 0; path = SLPriceTests.xctest; sourceTree = BUILT_PRODUCTS_DIR; };
		B912B8841BD5D07600EFDEC5 /* Info.plist */ = {isa = PBXFileReference; lastKnownFileType = text.plist.xml; path = Info.plist; sourceTree = "<group>"; };
		B912B8851BD5D07600EFDEC5 /* SLPriceTests.m */ = {isa = PBXFileReference; lastKnownFileType = sourcecode.c.objc; path = SLPriceTests.m; sourceTree = "<group>"; };
		B912B8921BD5D09000EFDEC5 /* DelicacyController.h */ = {isa = PBXFileReference; fileEncoding = 4; lastKnownFileType = sourcecode.c.h; path = DelicacyController.h; sourceTree = "<group>"; };
		B912B8931BD5D09000EFDEC5 /* DelicacyController.m */ = {isa = PBXFileReference; fileEncoding = 4; lastKnownFileType = sourcecode.c.objc; path = DelicacyController.m; sourceTree = "<group>"; };
		B912B8981BD5D09000EFDEC5 /* DiscoverController.h */ = {isa = PBXFileReference; fileEncoding = 4; lastKnownFileType = sourcecode.c.h; path = DiscoverController.h; sourceTree = "<group>"; };
		B912B8991BD5D09000EFDEC5 /* DiscoverController.m */ = {isa = PBXFileReference; fileEncoding = 4; lastKnownFileType = sourcecode.c.objc; path = DiscoverController.m; sourceTree = "<group>"; };
		B912B89F1BD5D09000EFDEC5 /* RootViewController.h */ = {isa = PBXFileReference; fileEncoding = 4; lastKnownFileType = sourcecode.c.h; path = RootViewController.h; sourceTree = "<group>"; };
		B912B8A01BD5D09000EFDEC5 /* RootViewController.m */ = {isa = PBXFileReference; fileEncoding = 4; lastKnownFileType = sourcecode.c.objc; path = RootViewController.m; sourceTree = "<group>"; };
		B912B8A21BD5D09000EFDEC5 /* VWWWaterView.h */ = {isa = PBXFileReference; fileEncoding = 4; lastKnownFileType = sourcecode.c.h; path = VWWWaterView.h; sourceTree = "<group>"; };
		B912B8A31BD5D09000EFDEC5 /* VWWWaterView.m */ = {isa = PBXFileReference; fileEncoding = 4; lastKnownFileType = sourcecode.c.objc; path = VWWWaterView.m; sourceTree = "<group>"; };
		B912B8A41BD5D09000EFDEC5 /* ZHPickView.h */ = {isa = PBXFileReference; fileEncoding = 4; lastKnownFileType = sourcecode.c.h; path = ZHPickView.h; sourceTree = "<group>"; };
		B912B8A51BD5D09000EFDEC5 /* ZHPickView.m */ = {isa = PBXFileReference; fileEncoding = 4; lastKnownFileType = sourcecode.c.objc; path = ZHPickView.m; sourceTree = "<group>"; };
		B912B8A81BD5D09000EFDEC5 /* AppDelegate.h */ = {isa = PBXFileReference; fileEncoding = 4; lastKnownFileType = sourcecode.c.h; path = AppDelegate.h; sourceTree = "<group>"; };
		B912B8A91BD5D09000EFDEC5 /* AppDelegate.m */ = {isa = PBXFileReference; fileEncoding = 4; lastKnownFileType = sourcecode.c.objc; path = AppDelegate.m; sourceTree = "<group>"; };
		B912B8AE1BD5D09000EFDEC5 /* MovieViewController.h */ = {isa = PBXFileReference; fileEncoding = 4; lastKnownFileType = sourcecode.c.h; path = MovieViewController.h; sourceTree = "<group>"; };
		B912B8AF1BD5D09000EFDEC5 /* MovieViewController.m */ = {isa = PBXFileReference; fileEncoding = 4; lastKnownFileType = sourcecode.c.objc; path = MovieViewController.m; sourceTree = "<group>"; };
		B912B8B51BD5D09000EFDEC5 /* PublishDelicacyController.h */ = {isa = PBXFileReference; fileEncoding = 4; lastKnownFileType = sourcecode.c.h; path = PublishDelicacyController.h; sourceTree = "<group>"; };
		B912B8B61BD5D09000EFDEC5 /* PublishDelicacyController.m */ = {isa = PBXFileReference; fileEncoding = 4; lastKnownFileType = sourcecode.c.objc; path = PublishDelicacyController.m; sourceTree = "<group>"; };
		B912B8B91BD5D09000EFDEC5 /* PublishController.h */ = {isa = PBXFileReference; fileEncoding = 4; lastKnownFileType = sourcecode.c.h; path = PublishController.h; sourceTree = "<group>"; };
		B912B8BA1BD5D09000EFDEC5 /* PublishController.m */ = {isa = PBXFileReference; fileEncoding = 4; lastKnownFileType = sourcecode.c.objc; path = PublishController.m; sourceTree = "<group>"; };
		B912B8BD1BD5D09000EFDEC5 /* PublishMovieController.h */ = {isa = PBXFileReference; fileEncoding = 4; lastKnownFileType = sourcecode.c.h; path = PublishMovieController.h; sourceTree = "<group>"; };
		B912B8BE1BD5D09000EFDEC5 /* PublishMovieController.m */ = {isa = PBXFileReference; fileEncoding = 4; lastKnownFileType = sourcecode.c.objc; path = PublishMovieController.m; sourceTree = "<group>"; };
		B912B8C61BD5D09000EFDEC5 /* PublishTravelController.h */ = {isa = PBXFileReference; fileEncoding = 4; lastKnownFileType = sourcecode.c.h; path = PublishTravelController.h; sourceTree = "<group>"; };
		B912B8C71BD5D09000EFDEC5 /* PublishTravelController.m */ = {isa = PBXFileReference; fileEncoding = 4; lastKnownFileType = sourcecode.c.objc; path = PublishTravelController.m; sourceTree = "<group>"; };
		B912B8C91BD5D09000EFDEC5 /* PublishTravelData.h */ = {isa = PBXFileReference; fileEncoding = 4; lastKnownFileType = sourcecode.c.h; path = PublishTravelData.h; sourceTree = "<group>"; };
		B912B8CA1BD5D09000EFDEC5 /* PublishTravelData.m */ = {isa = PBXFileReference; fileEncoding = 4; lastKnownFileType = sourcecode.c.objc; path = PublishTravelData.m; sourceTree = "<group>"; };
		B912B8CD1BD5D09000EFDEC5 /* TravelViewController.h */ = {isa = PBXFileReference; fileEncoding = 4; lastKnownFileType = sourcecode.c.h; path = TravelViewController.h; sourceTree = "<group>"; };
		B912B8CE1BD5D09000EFDEC5 /* TravelViewController.m */ = {isa = PBXFileReference; fileEncoding = 4; lastKnownFileType = sourcecode.c.objc; path = TravelViewController.m; sourceTree = "<group>"; };
		B912B8D41BD5D09000EFDEC5 /* LoginController.h */ = {isa = PBXFileReference; fileEncoding = 4; lastKnownFileType = sourcecode.c.h; path = LoginController.h; sourceTree = "<group>"; };
		B912B8D51BD5D09000EFDEC5 /* LoginController.m */ = {isa = PBXFileReference; fileEncoding = 4; lastKnownFileType = sourcecode.c.objc; path = LoginController.m; sourceTree = "<group>"; };
		B912B8D71BD5D09000EFDEC5 /* LoginModel.h */ = {isa = PBXFileReference; fileEncoding = 4; lastKnownFileType = sourcecode.c.h; path = LoginModel.h; sourceTree = "<group>"; };
		B912B8D81BD5D09000EFDEC5 /* LoginModel.m */ = {isa = PBXFileReference; fileEncoding = 4; lastKnownFileType = sourcecode.c.objc; path = LoginModel.m; sourceTree = "<group>"; };
		B912B8DC1BD5D09000EFDEC5 /* UserViewController.h */ = {isa = PBXFileReference; fileEncoding = 4; lastKnownFileType = sourcecode.c.h; path = UserViewController.h; sourceTree = "<group>"; };
		B912B8DD1BD5D09000EFDEC5 /* UserViewController.m */ = {isa = PBXFileReference; fileEncoding = 4; lastKnownFileType = sourcecode.c.objc; path = UserViewController.m; sourceTree = "<group>"; };
		B912B8E21BD5D09000EFDEC5 /* RegisterController.h */ = {isa = PBXFileReference; fileEncoding = 4; lastKnownFileType = sourcecode.c.h; path = RegisterController.h; sourceTree = "<group>"; };
		B912B8E31BD5D09000EFDEC5 /* RegisterController.m */ = {isa = PBXFileReference; fileEncoding = 4; lastKnownFileType = sourcecode.c.objc; path = RegisterController.m; sourceTree = "<group>"; };
		B912B8E51BD5D09000EFDEC5 /* RegisterModel.h */ = {isa = PBXFileReference; fileEncoding = 4; lastKnownFileType = sourcecode.c.h; path = RegisterModel.h; sourceTree = "<group>"; };
		B912B8E61BD5D09000EFDEC5 /* RegisterModel.m */ = {isa = PBXFileReference; fileEncoding = 4; lastKnownFileType = sourcecode.c.objc; path = RegisterModel.m; sourceTree = "<group>"; };
		B912B8FD1BD5D09700EFDEC5 /* PrefixHeader.pch */ = {isa = PBXFileReference; lastKnownFileType = sourcecode.c.h; path = PrefixHeader.pch; sourceTree = "<group>"; };
		B912B8FF1BD5D0A700EFDEC5 /* gwl.jpg */ = {isa = PBXFileReference; lastKnownFileType = image.jpeg; path = gwl.jpg; sourceTree = "<group>"; };
		B912B9031BD5D10500EFDEC5 /* BmobSDK.framework */ = {isa = PBXFileReference; lastKnownFileType = wrapper.framework; name = BmobSDK.framework; path = SLPrice/BmobSDK.framework; sourceTree = "<group>"; };
		B912B9051BD5D1BB00EFDEC5 /* CoreLocation.framework */ = {isa = PBXFileReference; lastKnownFileType = wrapper.framework; name = CoreLocation.framework; path = System/Library/Frameworks/CoreLocation.framework; sourceTree = SDKROOT; };
		B912B9071BD5D1C400EFDEC5 /* Security.framework */ = {isa = PBXFileReference; lastKnownFileType = wrapper.framework; name = Security.framework; path = System/Library/Frameworks/Security.framework; sourceTree = SDKROOT; };
		B912B9091BD5D1D500EFDEC5 /* CoreGraphics.framework */ = {isa = PBXFileReference; lastKnownFileType = wrapper.framework; name = CoreGraphics.framework; path = System/Library/Frameworks/CoreGraphics.framework; sourceTree = SDKROOT; };
		B912B90B1BD5D1DE00EFDEC5 /* MobileCoreServices.framework */ = {isa = PBXFileReference; lastKnownFileType = wrapper.framework; name = MobileCoreServices.framework; path = System/Library/Frameworks/MobileCoreServices.framework; sourceTree = SDKROOT; };
		B912B90D1BD5D1E900EFDEC5 /* CFNetwork.framework */ = {isa = PBXFileReference; lastKnownFileType = wrapper.framework; name = CFNetwork.framework; path = System/Library/Frameworks/CFNetwork.framework; sourceTree = SDKROOT; };
		B912B90F1BD5D1F200EFDEC5 /* CoreTelephony.framework */ = {isa = PBXFileReference; lastKnownFileType = wrapper.framework; name = CoreTelephony.framework; path = System/Library/Frameworks/CoreTelephony.framework; sourceTree = SDKROOT; };
		B912B9111BD5D1FB00EFDEC5 /* SystemConfiguration.framework */ = {isa = PBXFileReference; lastKnownFileType = wrapper.framework; name = SystemConfiguration.framework; path = System/Library/Frameworks/SystemConfiguration.framework; sourceTree = SDKROOT; };
		B912B9131BD5D20200EFDEC5 /* libz.1.2.5.dylib */ = {isa = PBXFileReference; lastKnownFileType = "compiled.mach-o.dylib"; name = libz.1.2.5.dylib; path = usr/lib/libz.1.2.5.dylib; sourceTree = SDKROOT; };
		B912B9151BD5D20C00EFDEC5 /* libicucore.dylib */ = {isa = PBXFileReference; lastKnownFileType = "compiled.mach-o.dylib"; name = libicucore.dylib; path = usr/lib/libicucore.dylib; sourceTree = SDKROOT; };
		B912B9171BD5D21900EFDEC5 /* libsqlite3.dylib */ = {isa = PBXFileReference; lastKnownFileType = "compiled.mach-o.dylib"; name = libsqlite3.dylib; path = usr/lib/libsqlite3.dylib; sourceTree = SDKROOT; };
		B912B9191BD5D22000EFDEC5 /* AVFoundation.framework */ = {isa = PBXFileReference; lastKnownFileType = wrapper.framework; name = AVFoundation.framework; path = System/Library/Frameworks/AVFoundation.framework; sourceTree = SDKROOT; };
		B912B91B1BD5D22A00EFDEC5 /* MediaPlayer.framework */ = {isa = PBXFileReference; lastKnownFileType = wrapper.framework; name = MediaPlayer.framework; path = System/Library/Frameworks/MediaPlayer.framework; sourceTree = SDKROOT; };
/* End PBXFileReference section */

/* Begin PBXFrameworksBuildPhase section */
		B912B8631BD5D07600EFDEC5 /* Frameworks */ = {
			isa = PBXFrameworksBuildPhase;
			buildActionMask = 2147483647;
			files = (
				B912B91C1BD5D22A00EFDEC5 /* MediaPlayer.framework in Frameworks */,
				B912B91A1BD5D22000EFDEC5 /* AVFoundation.framework in Frameworks */,
				B912B9181BD5D21900EFDEC5 /* libsqlite3.dylib in Frameworks */,
				B912B9161BD5D20C00EFDEC5 /* libicucore.dylib in Frameworks */,
				B912B9141BD5D20200EFDEC5 /* libz.1.2.5.dylib in Frameworks */,
				B912B9121BD5D1FB00EFDEC5 /* SystemConfiguration.framework in Frameworks */,
				B912B9101BD5D1F200EFDEC5 /* CoreTelephony.framework in Frameworks */,
				B912B90E1BD5D1E900EFDEC5 /* CFNetwork.framework in Frameworks */,
				B912B90C1BD5D1DE00EFDEC5 /* MobileCoreServices.framework in Frameworks */,
				B912B90A1BD5D1D500EFDEC5 /* CoreGraphics.framework in Frameworks */,
				B912B9081BD5D1C400EFDEC5 /* Security.framework in Frameworks */,
				B912B9061BD5D1BB00EFDEC5 /* CoreLocation.framework in Frameworks */,
				B912B9041BD5D10500EFDEC5 /* BmobSDK.framework in Frameworks */,
			);
			runOnlyForDeploymentPostprocessing = 0;
		};
		B912B87C1BD5D07600EFDEC5 /* Frameworks */ = {
			isa = PBXFrameworksBuildPhase;
			buildActionMask = 2147483647;
			files = (
			);
			runOnlyForDeploymentPostprocessing = 0;
		};
/* End PBXFrameworksBuildPhase section */

/* Begin PBXGroup section */
		B90BCD8C1BD5F16D00121415 /* Model */ = {
			isa = PBXGroup;
			children = (
				B90BCD8D1BD5F16D00121415 /* PublishDelicacyData.h */,
				B90BCD8E1BD5F16D00121415 /* PublishDelicacyData.m */,
			);
			path = Model;
			sourceTree = "<group>";
		};
		B90BCD8F1BD5F16D00121415 /* View */ = {
			isa = PBXGroup;
			children = (
			);
			path = View;
			sourceTree = "<group>";
		};
		B90BCD911BD5F1AA00121415 /* Model */ = {
			isa = PBXGroup;
			children = (
				B90BCD921BD5F1AA00121415 /* PublishMovieData.h */,
				B90BCD931BD5F1AA00121415 /* PublishMovieData.m */,
			);
			path = Model;
			sourceTree = "<group>";
		};
		B90BCD941BD5F1AA00121415 /* View */ = {
			isa = PBXGroup;
			children = (
			);
			path = View;
			sourceTree = "<group>";
		};
		B90BCD961BD5F1D100121415 /* View */ = {
			isa = PBXGroup;
			children = (
			);
			path = View;
			sourceTree = "<group>";
		};
		B912B85D1BD5D07600EFDEC5 = {
			isa = PBXGroup;
			children = (
				B912B91B1BD5D22A00EFDEC5 /* MediaPlayer.framework */,
				B912B9191BD5D22000EFDEC5 /* AVFoundation.framework */,
				B912B9171BD5D21900EFDEC5 /* libsqlite3.dylib */,
				B912B9151BD5D20C00EFDEC5 /* libicucore.dylib */,
				B912B9131BD5D20200EFDEC5 /* libz.1.2.5.dylib */,
				B912B9031BD5D10500EFDEC5 /* BmobSDK.framework */,
				B912B9111BD5D1FB00EFDEC5 /* SystemConfiguration.framework */,
				B912B90F1BD5D1F200EFDEC5 /* CoreTelephony.framework */,
				B912B90D1BD5D1E900EFDEC5 /* CFNetwork.framework */,
				B912B90B1BD5D1DE00EFDEC5 /* MobileCoreServices.framework */,
				B912B9091BD5D1D500EFDEC5 /* CoreGraphics.framework */,
				B912B9071BD5D1C400EFDEC5 /* Security.framework */,
				B912B9051BD5D1BB00EFDEC5 /* CoreLocation.framework */,
				B912B8681BD5D07600EFDEC5 /* SLPrice */,
				B912B8821BD5D07600EFDEC5 /* SLPriceTests */,
				B912B8671BD5D07600EFDEC5 /* Products */,
			);
			sourceTree = "<group>";
		};
		B912B8671BD5D07600EFDEC5 /* Products */ = {
			isa = PBXGroup;
			children = (
				B912B8661BD5D07600EFDEC5 /* SLPrice.app */,
				B912B87F1BD5D07600EFDEC5 /* SLPriceTests.xctest */,
			);
			name = Products;
			sourceTree = "<group>";
		};
		B912B8681BD5D07600EFDEC5 /* SLPrice */ = {
			isa = PBXGroup;
			children = (
				B912B8731BD5D07600EFDEC5 /* Main.storyboard */,
				B912B8761BD5D07600EFDEC5 /* Images.xcassets */,
				B912B88F1BD5D09000EFDEC5 /* Classes */,
				B912B8781BD5D07600EFDEC5 /* LaunchScreen.xib */,
				B912B8FE1BD5D0A700EFDEC5 /* DocumentFile */,
				B912B8FD1BD5D09700EFDEC5 /* PrefixHeader.pch */,
				B912B8691BD5D07600EFDEC5 /* Supporting Files */,
			);
			path = SLPrice;
			sourceTree = "<group>";
		};
		B912B8691BD5D07600EFDEC5 /* Supporting Files */ = {
			isa = PBXGroup;
			children = (
				B912B86A1BD5D07600EFDEC5 /* Info.plist */,
				B912B86B1BD5D07600EFDEC5 /* main.m */,
			);
			name = "Supporting Files";
			sourceTree = "<group>";
		};
		B912B8821BD5D07600EFDEC5 /* SLPriceTests */ = {
			isa = PBXGroup;
			children = (
				B912B8851BD5D07600EFDEC5 /* SLPriceTests.m */,
				B912B8831BD5D07600EFDEC5 /* Supporting Files */,
			);
			path = SLPriceTests;
			sourceTree = "<group>";
		};
		B912B8831BD5D07600EFDEC5 /* Supporting Files */ = {
			isa = PBXGroup;
			children = (
				B912B8841BD5D07600EFDEC5 /* Info.plist */,
			);
			name = "Supporting Files";
			sourceTree = "<group>";
		};
		B912B88F1BD5D09000EFDEC5 /* Classes */ = {
			isa = PBXGroup;
			children = (
				B912B8901BD5D09000EFDEC5 /* Delicacy */,
				B912B8961BD5D09000EFDEC5 /* Discover */,
				B912B89C1BD5D09000EFDEC5 /* Main */,
				B912B8AC1BD5D09000EFDEC5 /* Movie */,
				B912B8B21BD5D09000EFDEC5 /* Publish */,
				B912B8CB1BD5D09000EFDEC5 /* Travel */,
				B912B8D11BD5D09000EFDEC5 /* User */,
			);
			path = Classes;
			sourceTree = "<group>";
		};
		B912B8901BD5D09000EFDEC5 /* Delicacy */ = {
			isa = PBXGroup;
			children = (
				B912B8911BD5D09000EFDEC5 /* Controller */,
				B912B8941BD5D09000EFDEC5 /* Model */,
				B912B8951BD5D09000EFDEC5 /* View */,
			);
			path = Delicacy;
			sourceTree = "<group>";
		};
		B912B8911BD5D09000EFDEC5 /* Controller */ = {
			isa = PBXGroup;
			children = (
				B912B8921BD5D09000EFDEC5 /* DelicacyController.h */,
				B912B8931BD5D09000EFDEC5 /* DelicacyController.m */,
			);
			path = Controller;
			sourceTree = "<group>";
		};
		B912B8941BD5D09000EFDEC5 /* Model */ = {
			isa = PBXGroup;
			children = (
			);
			path = Model;
			sourceTree = "<group>";
		};
		B912B8951BD5D09000EFDEC5 /* View */ = {
			isa = PBXGroup;
			children = (
			);
			path = View;
			sourceTree = "<group>";
		};
		B912B8961BD5D09000EFDEC5 /* Discover */ = {
			isa = PBXGroup;
			children = (
				B912B8971BD5D09000EFDEC5 /* Controller */,
				B912B89A1BD5D09000EFDEC5 /* Model */,
				B912B89B1BD5D09000EFDEC5 /* View */,
			);
			path = Discover;
			sourceTree = "<group>";
		};
		B912B8971BD5D09000EFDEC5 /* Controller */ = {
			isa = PBXGroup;
			children = (
				B912B8981BD5D09000EFDEC5 /* DiscoverController.h */,
				B912B8991BD5D09000EFDEC5 /* DiscoverController.m */,
			);
			path = Controller;
			sourceTree = "<group>";
		};
		B912B89A1BD5D09000EFDEC5 /* Model */ = {
			isa = PBXGroup;
			children = (
			);
			path = Model;
			sourceTree = "<group>";
		};
		B912B89B1BD5D09000EFDEC5 /* View */ = {
			isa = PBXGroup;
			children = (
			);
			path = View;
			sourceTree = "<group>";
		};
		B912B89C1BD5D09000EFDEC5 /* Main */ = {
			isa = PBXGroup;
			children = (
				B912B89D1BD5D09000EFDEC5 /* Category */,
				B912B89E1BD5D09000EFDEC5 /* Controller */,
				B912B8A11BD5D09000EFDEC5 /* Lib */,
				B912B8A61BD5D09000EFDEC5 /* Model */,
				B912B8A71BD5D09000EFDEC5 /* Other */,
				B912B8AB1BD5D09000EFDEC5 /* View */,
			);
			path = Main;
			sourceTree = "<group>";
		};
		B912B89D1BD5D09000EFDEC5 /* Category */ = {
			isa = PBXGroup;
			children = (
			);
			path = Category;
			sourceTree = "<group>";
		};
		B912B89E1BD5D09000EFDEC5 /* Controller */ = {
			isa = PBXGroup;
			children = (
				B912B89F1BD5D09000EFDEC5 /* RootViewController.h */,
				B912B8A01BD5D09000EFDEC5 /* RootViewController.m */,
			);
			path = Controller;
			sourceTree = "<group>";
		};
		B912B8A11BD5D09000EFDEC5 /* Lib */ = {
			isa = PBXGroup;
			children = (
				B912B8A21BD5D09000EFDEC5 /* VWWWaterView.h */,
				B912B8A31BD5D09000EFDEC5 /* VWWWaterView.m */,
				B912B8A41BD5D09000EFDEC5 /* ZHPickView.h */,
				B912B8A51BD5D09000EFDEC5 /* ZHPickView.m */,
			);
			path = Lib;
			sourceTree = "<group>";
		};
		B912B8A61BD5D09000EFDEC5 /* Model */ = {
			isa = PBXGroup;
			children = (
			);
			path = Model;
			sourceTree = "<group>";
		};
		B912B8A71BD5D09000EFDEC5 /* Other */ = {
			isa = PBXGroup;
			children = (
				B912B8A81BD5D09000EFDEC5 /* AppDelegate.h */,
				B912B8A91BD5D09000EFDEC5 /* AppDelegate.m */,
			);
			path = Other;
			sourceTree = "<group>";
		};
		B912B8AB1BD5D09000EFDEC5 /* View */ = {
			isa = PBXGroup;
			children = (
			);
			path = View;
			sourceTree = "<group>";
		};
		B912B8AC1BD5D09000EFDEC5 /* Movie */ = {
			isa = PBXGroup;
			children = (
				B912B8AD1BD5D09000EFDEC5 /* Controller */,
				B912B8B01BD5D09000EFDEC5 /* Model */,
				B912B8B11BD5D09000EFDEC5 /* View */,
			);
			path = Movie;
			sourceTree = "<group>";
		};
		B912B8AD1BD5D09000EFDEC5 /* Controller */ = {
			isa = PBXGroup;
			children = (
				B912B8AE1BD5D09000EFDEC5 /* MovieViewController.h */,
				B912B8AF1BD5D09000EFDEC5 /* MovieViewController.m */,
			);
			path = Controller;
			sourceTree = "<group>";
		};
		B912B8B01BD5D09000EFDEC5 /* Model */ = {
			isa = PBXGroup;
			children = (
			);
			path = Model;
			sourceTree = "<group>";
		};
		B912B8B11BD5D09000EFDEC5 /* View */ = {
			isa = PBXGroup;
			children = (
			);
			path = View;
			sourceTree = "<group>";
		};
		B912B8B21BD5D09000EFDEC5 /* Publish */ = {
			isa = PBXGroup;
			children = (
				B912B8B31BD5D09000EFDEC5 /* PublishDelicacy */,
				B912B8B71BD5D09000EFDEC5 /* PublishMain */,
				B912B8BB1BD5D09000EFDEC5 /* PublishMovie */,
				B912B8C41BD5D09000EFDEC5 /* PublishTravel */,
			);
			path = Publish;
			sourceTree = "<group>";
		};
		B912B8B31BD5D09000EFDEC5 /* PublishDelicacy */ = {
			isa = PBXGroup;
			children = (
				B912B8B41BD5D09000EFDEC5 /* Controller */,
				B90BCD8C1BD5F16D00121415 /* Model */,
				B90BCD8F1BD5F16D00121415 /* View */,
			);
			path = PublishDelicacy;
			sourceTree = "<group>";
		};
		B912B8B41BD5D09000EFDEC5 /* Controller */ = {
			isa = PBXGroup;
			children = (
				B912B8B51BD5D09000EFDEC5 /* PublishDelicacyController.h */,
				B912B8B61BD5D09000EFDEC5 /* PublishDelicacyController.m */,
			);
			path = Controller;
			sourceTree = "<group>";
		};
		B912B8B71BD5D09000EFDEC5 /* PublishMain */ = {
			isa = PBXGroup;
			children = (
				B912B8B81BD5D09000EFDEC5 /* Controller */,
			);
			path = PublishMain;
			sourceTree = "<group>";
		};
		B912B8B81BD5D09000EFDEC5 /* Controller */ = {
			isa = PBXGroup;
			children = (
				B912B8B91BD5D09000EFDEC5 /* PublishController.h */,
				B912B8BA1BD5D09000EFDEC5 /* PublishController.m */,
			);
			path = Controller;
			sourceTree = "<group>";
		};
		B912B8BB1BD5D09000EFDEC5 /* PublishMovie */ = {
			isa = PBXGroup;
			children = (
				B912B8BC1BD5D09000EFDEC5 /* Controller */,
				B90BCD911BD5F1AA00121415 /* Model */,
				B90BCD941BD5F1AA00121415 /* View */,
			);
			path = PublishMovie;
			sourceTree = "<group>";
		};
		B912B8BC1BD5D09000EFDEC5 /* Controller */ = {
			isa = PBXGroup;
			children = (
				B912B8BD1BD5D09000EFDEC5 /* PublishMovieController.h */,
				B912B8BE1BD5D09000EFDEC5 /* PublishMovieController.m */,
			);
			path = Controller;
			sourceTree = "<group>";
		};
		B912B8C41BD5D09000EFDEC5 /* PublishTravel */ = {
			isa = PBXGroup;
			children = (
				B912B8C51BD5D09000EFDEC5 /* Controller */,
				B90BCD961BD5F1D100121415 /* View */,
				B912B8C81BD5D09000EFDEC5 /* Model */,
			);
			path = PublishTravel;
			sourceTree = "<group>";
		};
		B912B8C51BD5D09000EFDEC5 /* Controller */ = {
			isa = PBXGroup;
			children = (
				B912B8C61BD5D09000EFDEC5 /* PublishTravelController.h */,
				B912B8C71BD5D09000EFDEC5 /* PublishTravelController.m */,
			);
			path = Controller;
			sourceTree = "<group>";
		};
		B912B8C81BD5D09000EFDEC5 /* Model */ = {
			isa = PBXGroup;
			children = (
				B912B8C91BD5D09000EFDEC5 /* PublishTravelData.h */,
				B912B8CA1BD5D09000EFDEC5 /* PublishTravelData.m */,
			);
			path = Model;
			sourceTree = "<group>";
		};
		B912B8CB1BD5D09000EFDEC5 /* Travel */ = {
			isa = PBXGroup;
			children = (
				B912B8CC1BD5D09000EFDEC5 /* Controller */,
				B912B8CF1BD5D09000EFDEC5 /* Model */,
				B912B8D01BD5D09000EFDEC5 /* View */,
			);
			path = Travel;
			sourceTree = "<group>";
		};
		B912B8CC1BD5D09000EFDEC5 /* Controller */ = {
			isa = PBXGroup;
			children = (
				B912B8CD1BD5D09000EFDEC5 /* TravelViewController.h */,
				B912B8CE1BD5D09000EFDEC5 /* TravelViewController.m */,
			);
			path = Controller;
			sourceTree = "<group>";
		};
		B912B8CF1BD5D09000EFDEC5 /* Model */ = {
			isa = PBXGroup;
			children = (
			);
			path = Model;
			sourceTree = "<group>";
		};
		B912B8D01BD5D09000EFDEC5 /* View */ = {
			isa = PBXGroup;
			children = (
			);
			path = View;
			sourceTree = "<group>";
		};
		B912B8D11BD5D09000EFDEC5 /* User */ = {
			isa = PBXGroup;
			children = (
				B912B8D21BD5D09000EFDEC5 /* UserLogin */,
				B912B8DA1BD5D09000EFDEC5 /* UserMain */,
				B912B8E01BD5D09000EFDEC5 /* UserRegister */,
			);
			path = User;
			sourceTree = "<group>";
		};
		B912B8D21BD5D09000EFDEC5 /* UserLogin */ = {
			isa = PBXGroup;
			children = (
				B912B8D31BD5D09000EFDEC5 /* Controller */,
				B912B8D61BD5D09000EFDEC5 /* Model */,
				B912B8D91BD5D09000EFDEC5 /* View */,
			);
			path = UserLogin;
			sourceTree = "<group>";
		};
		B912B8D31BD5D09000EFDEC5 /* Controller */ = {
			isa = PBXGroup;
			children = (
				B912B8D41BD5D09000EFDEC5 /* LoginController.h */,
				B912B8D51BD5D09000EFDEC5 /* LoginController.m */,
			);
			path = Controller;
			sourceTree = "<group>";
		};
		B912B8D61BD5D09000EFDEC5 /* Model */ = {
			isa = PBXGroup;
			children = (
				B912B8D71BD5D09000EFDEC5 /* LoginModel.h */,
				B912B8D81BD5D09000EFDEC5 /* LoginModel.m */,
			);
			path = Model;
			sourceTree = "<group>";
		};
		B912B8D91BD5D09000EFDEC5 /* View */ = {
			isa = PBXGroup;
			children = (
			);
			path = View;
			sourceTree = "<group>";
		};
		B912B8DA1BD5D09000EFDEC5 /* UserMain */ = {
			isa = PBXGroup;
			children = (
				B912B8DB1BD5D09000EFDEC5 /* Controller */,
				B912B8DE1BD5D09000EFDEC5 /* Model */,
				B912B8DF1BD5D09000EFDEC5 /* View */,
			);
			path = UserMain;
			sourceTree = "<group>";
		};
		B912B8DB1BD5D09000EFDEC5 /* Controller */ = {
			isa = PBXGroup;
			children = (
				B912B8DC1BD5D09000EFDEC5 /* UserViewController.h */,
				B912B8DD1BD5D09000EFDEC5 /* UserViewController.m */,
			);
			path = Controller;
			sourceTree = "<group>";
		};
		B912B8DE1BD5D09000EFDEC5 /* Model */ = {
			isa = PBXGroup;
			children = (
			);
			path = Model;
			sourceTree = "<group>";
		};
		B912B8DF1BD5D09000EFDEC5 /* View */ = {
			isa = PBXGroup;
			children = (
			);
			path = View;
			sourceTree = "<group>";
		};
		B912B8E01BD5D09000EFDEC5 /* UserRegister */ = {
			isa = PBXGroup;
			children = (
				B912B8E11BD5D09000EFDEC5 /* Controller */,
				B912B8E41BD5D09000EFDEC5 /* Model */,
				B912B8E71BD5D09000EFDEC5 /* View */,
			);
			path = UserRegister;
			sourceTree = "<group>";
		};
		B912B8E11BD5D09000EFDEC5 /* Controller */ = {
			isa = PBXGroup;
			children = (
				B912B8E21BD5D09000EFDEC5 /* RegisterController.h */,
				B912B8E31BD5D09000EFDEC5 /* RegisterController.m */,
			);
			path = Controller;
			sourceTree = "<group>";
		};
		B912B8E41BD5D09000EFDEC5 /* Model */ = {
			isa = PBXGroup;
			children = (
				B912B8E51BD5D09000EFDEC5 /* RegisterModel.h */,
				B912B8E61BD5D09000EFDEC5 /* RegisterModel.m */,
			);
			path = Model;
			sourceTree = "<group>";
		};
		B912B8E71BD5D09000EFDEC5 /* View */ = {
			isa = PBXGroup;
			children = (
			);
			path = View;
			sourceTree = "<group>";
		};
		B912B8FE1BD5D0A700EFDEC5 /* DocumentFile */ = {
			isa = PBXGroup;
			children = (
				B912B8FF1BD5D0A700EFDEC5 /* gwl.jpg */,
				B912B9001BD5D0A700EFDEC5 /* icon */,
				B912B9011BD5D0A700EFDEC5 /* plist */,
			);
			path = DocumentFile;
			sourceTree = "<group>";
		};
		B912B9001BD5D0A700EFDEC5 /* icon */ = {
			isa = PBXGroup;
			children = (
			);
			path = icon;
			sourceTree = "<group>";
		};
		B912B9011BD5D0A700EFDEC5 /* plist */ = {
			isa = PBXGroup;
			children = (
			);
			path = plist;
			sourceTree = "<group>";
		};
/* End PBXGroup section */

/* Begin PBXNativeTarget section */
		B912B8651BD5D07600EFDEC5 /* SLPrice */ = {
			isa = PBXNativeTarget;
			buildConfigurationList = B912B8891BD5D07600EFDEC5 /* Build configuration list for PBXNativeTarget "SLPrice" */;
			buildPhases = (
				B912B8621BD5D07600EFDEC5 /* Sources */,
				B912B8631BD5D07600EFDEC5 /* Frameworks */,
				B912B8641BD5D07600EFDEC5 /* Resources */,
			);
			buildRules = (
			);
			dependencies = (
			);
			name = SLPrice;
			productName = SLPrice;
			productReference = B912B8661BD5D07600EFDEC5 /* SLPrice.app */;
			productType = "com.apple.product-type.application";
		};
		B912B87E1BD5D07600EFDEC5 /* SLPriceTests */ = {
			isa = PBXNativeTarget;
			buildConfigurationList = B912B88C1BD5D07600EFDEC5 /* Build configuration list for PBXNativeTarget "SLPriceTests" */;
			buildPhases = (
				B912B87B1BD5D07600EFDEC5 /* Sources */,
				B912B87C1BD5D07600EFDEC5 /* Frameworks */,
				B912B87D1BD5D07600EFDEC5 /* Resources */,
			);
			buildRules = (
			);
			dependencies = (
				B912B8811BD5D07600EFDEC5 /* PBXTargetDependency */,
			);
			name = SLPriceTests;
			productName = SLPriceTests;
			productReference = B912B87F1BD5D07600EFDEC5 /* SLPriceTests.xctest */;
			productType = "com.apple.product-type.bundle.unit-test";
		};
/* End PBXNativeTarget section */

/* Begin PBXProject section */
		B912B85E1BD5D07600EFDEC5 /* Project object */ = {
			isa = PBXProject;
			attributes = {
				LastUpgradeCheck = 0640;
				ORGANIZATIONNAME = XXT;
				TargetAttributes = {
					B912B8651BD5D07600EFDEC5 = {
						CreatedOnToolsVersion = 6.4;
					};
					B912B87E1BD5D07600EFDEC5 = {
						CreatedOnToolsVersion = 6.4;
						TestTargetID = B912B8651BD5D07600EFDEC5;
					};
				};
			};
			buildConfigurationList = B912B8611BD5D07600EFDEC5 /* Build configuration list for PBXProject "SLPrice" */;
			compatibilityVersion = "Xcode 3.2";
			developmentRegion = English;
			hasScannedForEncodings = 0;
			knownRegions = (
				en,
				Base,
			);
			mainGroup = B912B85D1BD5D07600EFDEC5;
			productRefGroup = B912B8671BD5D07600EFDEC5 /* Products */;
			projectDirPath = "";
			projectRoot = "";
			targets = (
				B912B8651BD5D07600EFDEC5 /* SLPrice */,
				B912B87E1BD5D07600EFDEC5 /* SLPriceTests */,
			);
		};
/* End PBXProject section */

/* Begin PBXResourcesBuildPhase section */
		B912B8641BD5D07600EFDEC5 /* Resources */ = {
			isa = PBXResourcesBuildPhase;
			buildActionMask = 2147483647;
			files = (
				B912B9021BD5D0A700EFDEC5 /* gwl.jpg in Resources */,
				B912B8751BD5D07600EFDEC5 /* Main.storyboard in Resources */,
				B912B87A1BD5D07600EFDEC5 /* LaunchScreen.xib in Resources */,
				B912B8771BD5D07600EFDEC5 /* Images.xcassets in Resources */,
			);
			runOnlyForDeploymentPostprocessing = 0;
		};
		B912B87D1BD5D07600EFDEC5 /* Resources */ = {
			isa = PBXResourcesBuildPhase;
			buildActionMask = 2147483647;
			files = (
			);
			runOnlyForDeploymentPostprocessing = 0;
		};
/* End PBXResourcesBuildPhase section */

/* Begin PBXSourcesBuildPhase section */
		B912B8621BD5D07600EFDEC5 /* Sources */ = {
			isa = PBXSourcesBuildPhase;
			buildActionMask = 2147483647;
			files = (
				B912B8FC1BD5D09000EFDEC5 /* RegisterModel.m in Sources */,
				B912B8F51BD5D09000EFDEC5 /* PublishTravelController.m in Sources */,
				B90BCD951BD5F1AA00121415 /* PublishMovieData.m in Sources */,
				B912B8EF1BD5D09000EFDEC5 /* MovieViewController.m in Sources */,
				B912B8F01BD5D09000EFDEC5 /* PublishDelicacyController.m in Sources */,
				B912B8F81BD5D09000EFDEC5 /* LoginController.m in Sources */,
				B912B8E81BD5D09000EFDEC5 /* DelicacyController.m in Sources */,
				B912B8FA1BD5D09000EFDEC5 /* UserViewController.m in Sources */,
				B912B8ED1BD5D09000EFDEC5 /* AppDelegate.m in Sources */,
				B912B8F61BD5D09000EFDEC5 /* PublishTravelData.m in Sources */,
				B912B8F71BD5D09000EFDEC5 /* TravelViewController.m in Sources */,
				B912B8F21BD5D09000EFDEC5 /* PublishMovieController.m in Sources */,
				B912B8EA1BD5D09000EFDEC5 /* RootViewController.m in Sources */,
				B912B8FB1BD5D09000EFDEC5 /* RegisterController.m in Sources */,
				B912B8EC1BD5D09000EFDEC5 /* ZHPickView.m in Sources */,
				B90BCD901BD5F16D00121415 /* PublishDelicacyData.m in Sources */,
				B912B8E91BD5D09000EFDEC5 /* DiscoverController.m in Sources */,
				B912B8EB1BD5D09000EFDEC5 /* VWWWaterView.m in Sources */,
				B912B86C1BD5D07600EFDEC5 /* main.m in Sources */,
				B912B8F11BD5D09000EFDEC5 /* PublishController.m in Sources */,
				B912B8F91BD5D09000EFDEC5 /* LoginModel.m in Sources */,
			);
			runOnlyForDeploymentPostprocessing = 0;
		};
		B912B87B1BD5D07600EFDEC5 /* Sources */ = {
			isa = PBXSourcesBuildPhase;
			buildActionMask = 2147483647;
			files = (
				B912B8861BD5D07600EFDEC5 /* SLPriceTests.m in Sources */,
			);
			runOnlyForDeploymentPostprocessing = 0;
		};
/* End PBXSourcesBuildPhase section */

/* Begin PBXTargetDependency section */
		B912B8811BD5D07600EFDEC5 /* PBXTargetDependency */ = {
			isa = PBXTargetDependency;
			target = B912B8651BD5D07600EFDEC5 /* SLPrice */;
			targetProxy = B912B8801BD5D07600EFDEC5 /* PBXContainerItemProxy */;
		};
/* End PBXTargetDependency section */

/* Begin PBXVariantGroup section */
		B912B8731BD5D07600EFDEC5 /* Main.storyboard */ = {
			isa = PBXVariantGroup;
			children = (
				B912B8741BD5D07600EFDEC5 /* Base */,
			);
			name = Main.storyboard;
			sourceTree = "<group>";
		};
		B912B8781BD5D07600EFDEC5 /* LaunchScreen.xib */ = {
			isa = PBXVariantGroup;
			children = (
				B912B8791BD5D07600EFDEC5 /* Base */,
			);
			name = LaunchScreen.xib;
			sourceTree = "<group>";
		};
/* End PBXVariantGroup section */

/* Begin XCBuildConfiguration section */
		B912B8871BD5D07600EFDEC5 /* Debug */ = {
			isa = XCBuildConfiguration;
			buildSettings = {
				ALWAYS_SEARCH_USER_PATHS = NO;
				CLANG_CXX_LANGUAGE_STANDARD = "gnu++0x";
				CLANG_CXX_LIBRARY = "libc++";
				CLANG_ENABLE_MODULES = YES;
				CLANG_ENABLE_OBJC_ARC = YES;
				CLANG_WARN_BOOL_CONVERSION = YES;
				CLANG_WARN_CONSTANT_CONVERSION = YES;
				CLANG_WARN_DIRECT_OBJC_ISA_USAGE = YES_ERROR;
				CLANG_WARN_EMPTY_BODY = YES;
				CLANG_WARN_ENUM_CONVERSION = YES;
				CLANG_WARN_INT_CONVERSION = YES;
				CLANG_WARN_OBJC_ROOT_CLASS = YES_ERROR;
				CLANG_WARN_UNREACHABLE_CODE = YES;
				CLANG_WARN__DUPLICATE_METHOD_MATCH = YES;
				"CODE_SIGN_IDENTITY[sdk=iphoneos*]" = "iPhone Developer";
				COPY_PHASE_STRIP = NO;
				DEBUG_INFORMATION_FORMAT = "dwarf-with-dsym";
				ENABLE_STRICT_OBJC_MSGSEND = YES;
				GCC_C_LANGUAGE_STANDARD = gnu99;
				GCC_DYNAMIC_NO_PIC = NO;
				GCC_NO_COMMON_BLOCKS = YES;
				GCC_OPTIMIZATION_LEVEL = 0;
				GCC_PREPROCESSOR_DEFINITIONS = (
					"DEBUG=1",
					"$(inherited)",
				);
				GCC_SYMBOLS_PRIVATE_EXTERN = NO;
				GCC_WARN_64_TO_32_BIT_CONVERSION = YES;
				GCC_WARN_ABOUT_RETURN_TYPE = YES_ERROR;
				GCC_WARN_UNDECLARED_SELECTOR = YES;
				GCC_WARN_UNINITIALIZED_AUTOS = YES_AGGRESSIVE;
				GCC_WARN_UNUSED_FUNCTION = YES;
				GCC_WARN_UNUSED_VARIABLE = YES;
				IPHONEOS_DEPLOYMENT_TARGET = 8.4;
				MTL_ENABLE_DEBUG_INFO = YES;
				ONLY_ACTIVE_ARCH = YES;
				SDKROOT = iphoneos;
				TARGETED_DEVICE_FAMILY = "1,2";
			};
			name = Debug;
		};
		B912B8881BD5D07600EFDEC5 /* Release */ = {
			isa = XCBuildConfiguration;
			buildSettings = {
				ALWAYS_SEARCH_USER_PATHS = NO;
				CLANG_CXX_LANGUAGE_STANDARD = "gnu++0x";
				CLANG_CXX_LIBRARY = "libc++";
				CLANG_ENABLE_MODULES = YES;
				CLANG_ENABLE_OBJC_ARC = YES;
				CLANG_WARN_BOOL_CONVERSION = YES;
				CLANG_WARN_CONSTANT_CONVERSION = YES;
				CLANG_WARN_DIRECT_OBJC_ISA_USAGE = YES_ERROR;
				CLANG_WARN_EMPTY_BODY = YES;
				CLANG_WARN_ENUM_CONVERSION = YES;
				CLANG_WARN_INT_CONVERSION = YES;
				CLANG_WARN_OBJC_ROOT_CLASS = YES_ERROR;
				CLANG_WARN_UNREACHABLE_CODE = YES;
				CLANG_WARN__DUPLICATE_METHOD_MATCH = YES;
				"CODE_SIGN_IDENTITY[sdk=iphoneos*]" = "iPhone Developer";
				COPY_PHASE_STRIP = NO;
				DEBUG_INFORMATION_FORMAT = "dwarf-with-dsym";
				ENABLE_NS_ASSERTIONS = NO;
				ENABLE_STRICT_OBJC_MSGSEND = YES;
				GCC_C_LANGUAGE_STANDARD = gnu99;
				GCC_NO_COMMON_BLOCKS = YES;
				GCC_WARN_64_TO_32_BIT_CONVERSION = YES;
				GCC_WARN_ABOUT_RETURN_TYPE = YES_ERROR;
				GCC_WARN_UNDECLARED_SELECTOR = YES;
				GCC_WARN_UNINITIALIZED_AUTOS = YES_AGGRESSIVE;
				GCC_WARN_UNUSED_FUNCTION = YES;
				GCC_WARN_UNUSED_VARIABLE = YES;
				IPHONEOS_DEPLOYMENT_TARGET = 8.4;
				MTL_ENABLE_DEBUG_INFO = NO;
				SDKROOT = iphoneos;
				TARGETED_DEVICE_FAMILY = "1,2";
				VALIDATE_PRODUCT = YES;
			};
			name = Release;
		};
		B912B88A1BD5D07600EFDEC5 /* Debug */ = {
			isa = XCBuildConfiguration;
			buildSettings = {
				ASSETCATALOG_COMPILER_APPICON_NAME = AppIcon;
				FRAMEWORK_SEARCH_PATHS = (
					"$(inherited)",
					"$(PROJECT_DIR)/SLPrice",
				);
				GCC_PREFIX_HEADER = "/Users/lanou3g/Desktop/团体项目/SLPrice/SLPrice/PrefixHeader.pch";
				INFOPLIST_FILE = SLPrice/Info.plist;
				LD_RUNPATH_SEARCH_PATHS = "$(inherited) @executable_path/Frameworks";
				PRODUCT_NAME = "$(TARGET_NAME)";
			};
			name = Debug;
		};
		B912B88B1BD5D07600EFDEC5 /* Release */ = {
			isa = XCBuildConfiguration;
			buildSettings = {
				ASSETCATALOG_COMPILER_APPICON_NAME = AppIcon;
				FRAMEWORK_SEARCH_PATHS = (
					"$(inherited)",
					"$(PROJECT_DIR)/SLPrice",
				);
				GCC_PREFIX_HEADER = "/Users/lanou3g/Desktop/团体项目/SLPrice/SLPrice/PrefixHeader.pch";
				INFOPLIST_FILE = SLPrice/Info.plist;
				LD_RUNPATH_SEARCH_PATHS = "$(inherited) @executable_path/Frameworks";
				PRODUCT_NAME = "$(TARGET_NAME)";
			};
			name = Release;
		};
		B912B88D1BD5D07600EFDEC5 /* Debug */ = {
			isa = XCBuildConfiguration;
			buildSettings = {
				BUNDLE_LOADER = "$(TEST_HOST)";
				FRAMEWORK_SEARCH_PATHS = (
					"$(SDKROOT)/Developer/Library/Frameworks",
					"$(inherited)",
				);
				GCC_PREPROCESSOR_DEFINITIONS = (
					"DEBUG=1",
					"$(inherited)",
				);
				INFOPLIST_FILE = SLPriceTests/Info.plist;
				LD_RUNPATH_SEARCH_PATHS = "$(inherited) @executable_path/Frameworks @loader_path/Frameworks";
				PRODUCT_NAME = "$(TARGET_NAME)";
				TEST_HOST = "$(BUILT_PRODUCTS_DIR)/SLPrice.app/SLPrice";
			};
			name = Debug;
		};
		B912B88E1BD5D07600EFDEC5 /* Release */ = {
			isa = XCBuildConfiguration;
			buildSettings = {
				BUNDLE_LOADER = "$(TEST_HOST)";
				FRAMEWORK_SEARCH_PATHS = (
					"$(SDKROOT)/Developer/Library/Frameworks",
					"$(inherited)",
				);
				INFOPLIST_FILE = SLPriceTests/Info.plist;
				LD_RUNPATH_SEARCH_PATHS = "$(inherited) @executable_path/Frameworks @loader_path/Frameworks";
				PRODUCT_NAME = "$(TARGET_NAME)";
				TEST_HOST = "$(BUILT_PRODUCTS_DIR)/SLPrice.app/SLPrice";
			};
			name = Release;
		};
/* End XCBuildConfiguration section */

/* Begin XCConfigurationList section */
		B912B8611BD5D07600EFDEC5 /* Build configuration list for PBXProject "SLPrice" */ = {
			isa = XCConfigurationList;
			buildConfigurations = (
				B912B8871BD5D07600EFDEC5 /* Debug */,
				B912B8881BD5D07600EFDEC5 /* Release */,
			);
			defaultConfigurationIsVisible = 0;
			defaultConfigurationName = Release;
		};
		B912B8891BD5D07600EFDEC5 /* Build configuration list for PBXNativeTarget "SLPrice" */ = {
			isa = XCConfigurationList;
			buildConfigurations = (
				B912B88A1BD5D07600EFDEC5 /* Debug */,
				B912B88B1BD5D07600EFDEC5 /* Release */,
			);
			defaultConfigurationIsVisible = 0;
			defaultConfigurationName = Release;
		};
		B912B88C1BD5D07600EFDEC5 /* Build configuration list for PBXNativeTarget "SLPriceTests" */ = {
			isa = XCConfigurationList;
			buildConfigurations = (
				B912B88D1BD5D07600EFDEC5 /* Debug */,
				B912B88E1BD5D07600EFDEC5 /* Release */,
			);
			defaultConfigurationIsVisible = 0;
			defaultConfigurationName = Release;
		};
/* End XCConfigurationList section */
	};
	rootObject = B912B85E1BD5D07600EFDEC5 /* Project object */;
}
